// !$*UTF8*$!
{
	archiveVersion = 1;
	classes = {
	};
	objectVersion = 50;
	objects = {

/* Begin PBXBuildFile section */
		83D690972410BEBD00B57ACB /* AppDelegate.m in Sources */ = {isa = PBXBuildFile; fileRef = 83D690962410BEBD00B57ACB /* AppDelegate.m */; };
		83D6909A2410BEBE00B57ACB /* SceneDelegate.m in Sources */ = {isa = PBXBuildFile; fileRef = 83D690992410BEBE00B57ACB /* SceneDelegate.m */; };
		83D6909D2410BEBE00B57ACB /* ViewController.m in Sources */ = {isa = PBXBuildFile; fileRef = 83D6909C2410BEBE00B57ACB /* ViewController.m */; };
		83D690A02410BEBE00B57ACB /* Main.storyboard in Resources */ = {isa = PBXBuildFile; fileRef = 83D6909E2410BEBE00B57ACB /* Main.storyboard */; };
		83D690A22410BEC200B57ACB /* Assets.xcassets in Resources */ = {isa = PBXBuildFile; fileRef = 83D690A12410BEC200B57ACB /* Assets.xcassets */; };
		83D690A52410BEC200B57ACB /* LaunchScreen.storyboard in Resources */ = {isa = PBXBuildFile; fileRef = 83D690A32410BEC200B57ACB /* LaunchScreen.storyboard */; };
		83D690A82410BEC200B57ACB /* main.m in Sources */ = {isa = PBXBuildFile; fileRef = 83D690A72410BEC200B57ACB /* main.m */; };
		83D690B02410BED500B57ACB /* AVFoundation.framework in Frameworks */ = {isa = PBXBuildFile; fileRef = 83D690AF2410BED500B57ACB /* AVFoundation.framework */; };
/* End PBXBuildFile section */

/* Begin PBXFileReference section */
		83D690922410BEBD00B57ACB /* Feedback.app */ = {isa = PBXFileReference; explicitFileType = wrapper.application; includeInIndex = 0; path = Feedback.app; sourceTree = BUILT_PRODUCTS_DIR; };
		83D690952410BEBD00B57ACB /* AppDelegate.h */ = {isa = PBXFileReference; lastKnownFileType = sourcecode.c.h; path = AppDelegate.h; sourceTree = "<group>"; };
		83D690962410BEBD00B57ACB /* AppDelegate.m */ = {isa = PBXFileReference; lastKnownFileType = sourcecode.c.objc; path = AppDelegate.m; sourceTree = "<group>"; };
		83D690982410BEBE00B57ACB /* SceneDelegate.h */ = {isa = PBXFileReference; lastKnownFileType = sourcecode.c.h; path = SceneDelegate.h; sourceTree = "<group>"; };
		83D690992410BEBE00B57ACB /* SceneDelegate.m */ = {isa = PBXFileReference; lastKnownFileType = sourcecode.c.objc; path = SceneDelegate.m; sourceTree = "<group>"; };
		83D6909B2410BEBE00B57ACB /* ViewController.h */ = {isa = PBXFileReference; lastKnownFileType = sourcecode.c.h; path = ViewController.h; sourceTree = "<group>"; };
		83D6909C2410BEBE00B57ACB /* ViewController.m */ = {isa = PBXFileReference; lastKnownFileType = sourcecode.c.objc; path = ViewController.m; sourceTree = "<group>"; };
		83D6909F2410BEBE00B57ACB /* Base */ = {isa = PBXFileReference; lastKnownFileType = file.storyboard; name = Base; path = Base.lproj/Main.storyboard; sourceTree = "<group>"; };
		83D690A12410BEC200B57ACB /* Assets.xcassets */ = {isa = PBXFileReference; lastKnownFileType = folder.assetcatalog; path = Assets.xcassets; sourceTree = "<group>"; };
		83D690A42410BEC200B57ACB /* Base */ = {isa = PBXFileReference; lastKnownFileType = file.storyboard; name = Base; path = Base.lproj/LaunchScreen.storyboard; sourceTree = "<group>"; };
		83D690A62410BEC200B57ACB /* Info.plist */ = {isa = PBXFileReference; lastKnownFileType = text.plist.xml; path = Info.plist; sourceTree = "<group>"; };
		83D690A72410BEC200B57ACB /* main.m */ = {isa = PBXFileReference; lastKnownFileType = sourcecode.c.objc; path = main.m; sourceTree = "<group>"; };
		83D690AF2410BED500B57ACB /* AVFoundation.framework */ = {isa = PBXFileReference; lastKnownFileType = wrapper.framework; name = AVFoundation.framework; path = System/Library/Frameworks/AVFoundation.framework; sourceTree = SDKROOT; };
/* End PBXFileReference section */

/* Begin PBXFrameworksBuildPhase section */
		83D6908F2410BEBD00B57ACB /* Frameworks */ = {
			isa = PBXFrameworksBuildPhase;
			buildActionMask = 2147483647;
			files = (
				83D690B02410BED500B57ACB /* AVFoundation.framework in Frameworks */,
			);
			runOnlyForDeploymentPostprocessing = 0;
		};
/* End PBXFrameworksBuildPhase section */

/* Begin PBXGroup section */
		83D690892410BEBD00B57ACB = {
			isa = PBXGroup;
			children = (
				83D690942410BEBD00B57ACB /* Feedback */,
				83D690932410BEBD00B57ACB /* Products */,
				83D690AE2410BED500B57ACB /* Frameworks */,
			);
			sourceTree = "<group>";
		};
		83D690932410BEBD00B57ACB /* Products */ = {
			isa = PBXGroup;
			children = (
				83D690922410BEBD00B57ACB /* Feedback.app */,
			);
			name = Products;
			sourceTree = "<group>";
		};
		83D690942410BEBD00B57ACB /* Feedback */ = {
			isa = PBXGroup;
			children = (
				83D690B52410BF9600B57ACB /* DSP Algorithms */,
				83D690B42410BF8A00B57ACB /* Audio Engine */,
				83D690B12410BF3200B57ACB /* App and Scene */,
				83D690B32410BF6900B57ACB /* View Controllers */,
				83D6909E2410BEBE00B57ACB /* Main.storyboard */,
				83D690A12410BEC200B57ACB /* Assets.xcassets */,
				83D690A32410BEC200B57ACB /* LaunchScreen.storyboard */,
				83D690A62410BEC200B57ACB /* Info.plist */,
				83D690A72410BEC200B57ACB /* main.m */,
			);
			path = Feedback;
			sourceTree = "<group>";
		};
		83D690AE2410BED500B57ACB /* Frameworks */ = {
			isa = PBXGroup;
			children = (
				83D690AF2410BED500B57ACB /* AVFoundation.framework */,
			);
			name = Frameworks;
			sourceTree = "<group>";
		};
		83D690B12410BF3200B57ACB /* App and Scene */ = {
			isa = PBXGroup;
			children = (
				83D690952410BEBD00B57ACB /* AppDelegate.h */,
				83D690962410BEBD00B57ACB /* AppDelegate.m */,
				83D690982410BEBE00B57ACB /* SceneDelegate.h */,
				83D690992410BEBE00B57ACB /* SceneDelegate.m */,
			);
			path = "App and Scene";
			sourceTree = "<group>";
		};
		83D690B32410BF6900B57ACB /* View Controllers */ = {
			isa = PBXGroup;
			children = (
				83D6909B2410BEBE00B57ACB /* ViewController.h */,
				83D6909C2410BEBE00B57ACB /* ViewController.m */,
			);
			path = "View Controllers";
			sourceTree = "<group>";
		};
		83D690B42410BF8A00B57ACB /* Audio Engine */ = {
			isa = PBXGroup;
			children = (
			);
			path = "Audio Engine";
			sourceTree = "<group>";
		};
		83D690B52410BF9600B57ACB /* DSP Algorithms */ = {
			isa = PBXGroup;
			children = (
			);
			path = "DSP Algorithms";
			sourceTree = "<group>";
		};
/* End PBXGroup section */

/* Begin PBXNativeTarget section */
		83D690912410BEBD00B57ACB /* Feedback */ = {
			isa = PBXNativeTarget;
			buildConfigurationList = 83D690AB2410BEC200B57ACB /* Build configuration list for PBXNativeTarget "Feedback" */;
			buildPhases = (
				83D6908E2410BEBD00B57ACB /* Sources */,
				83D6908F2410BEBD00B57ACB /* Frameworks */,
				83D690902410BEBD00B57ACB /* Resources */,
			);
			buildRules = (
			);
			dependencies = (
			);
			name = Feedback;
			productName = Feedback;
			productReference = 83D690922410BEBD00B57ACB /* Feedback.app */;
			productType = "com.apple.product-type.application";
		};
/* End PBXNativeTarget section */

/* Begin PBXProject section */
		83D6908A2410BEBD00B57ACB /* Project object */ = {
			isa = PBXProject;
			attributes = {
				LastUpgradeCheck = 1130;
				ORGANIZATIONNAME = "Kashyap Patel";
				TargetAttributes = {
					83D690912410BEBD00B57ACB = {
						CreatedOnToolsVersion = 11.3;
					};
				};
			};
			buildConfigurationList = 83D6908D2410BEBD00B57ACB /* Build configuration list for PBXProject "Feedback" */;
			compatibilityVersion = "Xcode 9.3";
			developmentRegion = en;
			hasScannedForEncodings = 0;
			knownRegions = (
				en,
				Base,
			);
			mainGroup = 83D690892410BEBD00B57ACB;
			productRefGroup = 83D690932410BEBD00B57ACB /* Products */;
			projectDirPath = "";
			projectRoot = "";
			targets = (
				83D690912410BEBD00B57ACB /* Feedback */,
			);
		};
/* End PBXProject section */

/* Begin PBXResourcesBuildPhase section */
		83D690902410BEBD00B57ACB /* Resources */ = {
			isa = PBXResourcesBuildPhase;
			buildActionMask = 2147483647;
			files = (
				83D690A52410BEC200B57ACB /* LaunchScreen.storyboard in Resources */,
				83D690A22410BEC200B57ACB /* Assets.xcassets in Resources */,
				83D690A02410BEBE00B57ACB /* Main.storyboard in Resources */,
			);
			runOnlyForDeploymentPostprocessing = 0;
		};
/* End PBXResourcesBuildPhase section */

/* Begin PBXSourcesBuildPhase section */
		83D6908E2410BEBD00B57ACB /* Sources */ = {
			isa = PBXSourcesBuildPhase;
			buildActionMask = 2147483647;
			files = (
				83D6909D2410BEBE00B57ACB /* ViewController.m in Sources */,
				83D690972410BEBD00B57ACB /* AppDelegate.m in Sources */,
				83D690A82410BEC200B57ACB /* main.m in Sources */,
				83D6909A2410BEBE00B57ACB /* SceneDelegate.m in Sources */,
			);
			runOnlyForDeploymentPostprocessing = 0;
		};
/* End PBXSourcesBuildPhase section */

/* Begin PBXVariantGroup section */
		83D6909E2410BEBE00B57ACB /* Main.storyboard */ = {
			isa = PBXVariantGroup;
			children = (
				83D6909F2410BEBE00B57ACB /* Base */,
			);
			name = Main.storyboard;
			sourceTree = "<group>";
		};
		83D690A32410BEC200B57ACB /* LaunchScreen.storyboard */ = {
			isa = PBXVariantGroup;
			children = (
				83D690A42410BEC200B57ACB /* Base */,
			);
			name = LaunchScreen.storyboard;
			sourceTree = "<group>";
		};
/* End PBXVariantGroup section */

/* Begin XCBuildConfiguration section */
		83D690A92410BEC200B57ACB /* Debug */ = {
			isa = XCBuildConfiguration;
			buildSettings = {
				ALWAYS_SEARCH_USER_PATHS = NO;
				CLANG_ANALYZER_NONNULL = YES;
				CLANG_ANALYZER_NUMBER_OBJECT_CONVERSION = YES_AGGRESSIVE;
				CLANG_CXX_LANGUAGE_STANDARD = "gnu++14";
				CLANG_CXX_LIBRARY = "libc++";
				CLANG_ENABLE_MODULES = YES;
				CLANG_ENABLE_OBJC_ARC = YES;
				CLANG_ENABLE_OBJC_WEAK = YES;
				CLANG_WARN_BLOCK_CAPTURE_AUTORELEASING = YES;
				CLANG_WARN_BOOL_CONVERSION = YES;
				CLANG_WARN_COMMA = YES;
				CLANG_WARN_CONSTANT_CONVERSION = YES;
				CLANG_WARN_DEPRECATED_OBJC_IMPLEMENTATIONS = YES;
				CLANG_WARN_DIRECT_OBJC_ISA_USAGE = YES_ERROR;
				CLANG_WARN_DOCUMENTATION_COMMENTS = YES;
				CLANG_WARN_EMPTY_BODY = YES;
				CLANG_WARN_ENUM_CONVERSION = YES;
				CLANG_WARN_INFINITE_RECURSION = YES;
				CLANG_WARN_INT_CONVERSION = YES;
				CLANG_WARN_NON_LITERAL_NULL_CONVERSION = YES;
				CLANG_WARN_OBJC_IMPLICIT_RETAIN_SELF = YES;
				CLANG_WARN_OBJC_LITERAL_CONVERSION = YES;
				CLANG_WARN_OBJC_ROOT_CLASS = YES_ERROR;
				CLANG_WARN_RANGE_LOOP_ANALYSIS = YES;
				CLANG_WARN_STRICT_PROTOTYPES = YES;
				CLANG_WARN_SUSPICIOUS_MOVE = YES;
				CLANG_WARN_UNGUARDED_AVAILABILITY = YES_AGGRESSIVE;
				CLANG_WARN_UNREACHABLE_CODE = YES;
				CLANG_WARN__DUPLICATE_METHOD_MATCH = YES;
				COPY_PHASE_STRIP = NO;
				DEBUG_INFORMATION_FORMAT = dwarf;
				ENABLE_STRICT_OBJC_MSGSEND = YES;
				ENABLE_TESTABILITY = YES;
				GCC_C_LANGUAGE_STANDARD = gnu11;
				GCC_DYNAMIC_NO_PIC = NO;
				GCC_NO_COMMON_BLOCKS = YES;
				GCC_OPTIMIZATION_LEVEL = 0;
				GCC_PREPROCESSOR_DEFINITIONS = (
					"DEBUG=1",
					"$(inherited)",
				);
				GCC_WARN_64_TO_32_BIT_CONVERSION = YES;
				GCC_WARN_ABOUT_RETURN_TYPE = YES_ERROR;
				GCC_WARN_UNDECLARED_SELECTOR = YES;
				GCC_WARN_UNINITIALIZED_AUTOS = YES_AGGRESSIVE;
				GCC_WARN_UNUSED_FUNCTION = YES;
				GCC_WARN_UNUSED_VARIABLE = YES;
				IPHONEOS_DEPLOYMENT_TARGET = 13.2;
				MTL_ENABLE_DEBUG_INFO = INCLUDE_SOURCE;
				MTL_FAST_MATH = YES;
				ONLY_ACTIVE_ARCH = YES;
				SDKROOT = iphoneos;
			};
			name = Debug;
		};
		83D690AA2410BEC200B57ACB /* Release */ = {
			isa = XCBuildConfiguration;
			buildSettings = {
				ALWAYS_SEARCH_USER_PATHS = NO;
				CLANG_ANALYZER_NONNULL = YES;
				CLANG_ANALYZER_NUMBER_OBJECT_CONVERSION = YES_AGGRESSIVE;
				CLANG_CXX_LANGUAGE_STANDARD = "gnu++14";
				CLANG_CXX_LIBRARY = "libc++";
				CLANG_ENABLE_MODULES = YES;
				CLANG_ENABLE_OBJC_ARC = YES;
				CLANG_ENABLE_OBJC_WEAK = YES;
				CLANG_WARN_BLOCK_CAPTURE_AUTORELEASING = YES;
				CLANG_WARN_BOOL_CONVERSION = YES;
				CLANG_WARN_COMMA = YES;
				CLANG_WARN_CONSTANT_CONVERSION = YES;
				CLANG_WARN_DEPRECATED_OBJC_IMPLEMENTATIONS = YES;
				CLANG_WARN_DIRECT_OBJC_ISA_USAGE = YES_ERROR;
				CLANG_WARN_DOCUMENTATION_COMMENTS = YES;
				CLANG_WARN_EMPTY_BODY = YES;
				CLANG_WARN_ENUM_CONVERSION = YES;
				CLANG_WARN_INFINITE_RECURSION = YES;
				CLANG_WARN_INT_CONVERSION = YES;
				CLANG_WARN_NON_LITERAL_NULL_CONVERSION = YES;
				CLANG_WARN_OBJC_IMPLICIT_RETAIN_SELF = YES;
				CLANG_WARN_OBJC_LITERAL_CONVERSION = YES;
				CLANG_WARN_OBJC_ROOT_CLASS = YES_ERROR;
				CLANG_WARN_RANGE_LOOP_ANALYSIS = YES;
				CLANG_WARN_STRICT_PROTOTYPES = YES;
				CLANG_WARN_SUSPICIOUS_MOVE = YES;
				CLANG_WARN_UNGUARDED_AVAILABILITY = YES_AGGRESSIVE;
				CLANG_WARN_UNREACHABLE_CODE = YES;
				CLANG_WARN__DUPLICATE_METHOD_MATCH = YES;
				COPY_PHASE_STRIP = NO;
				DEBUG_INFORMATION_FORMAT = "dwarf-with-dsym";
				ENABLE_NS_ASSERTIONS = NO;
				ENABLE_STRICT_OBJC_MSGSEND = YES;
				GCC_C_LANGUAGE_STANDARD = gnu11;
				GCC_NO_COMMON_BLOCKS = YES;
				GCC_WARN_64_TO_32_BIT_CONVERSION = YES;
				GCC_WARN_ABOUT_RETURN_TYPE = YES_ERROR;
				GCC_WARN_UNDECLARED_SELECTOR = YES;
				GCC_WARN_UNINITIALIZED_AUTOS = YES_AGGRESSIVE;
				GCC_WARN_UNUSED_FUNCTION = YES;
				GCC_WARN_UNUSED_VARIABLE = YES;
				IPHONEOS_DEPLOYMENT_TARGET = 13.2;
				MTL_ENABLE_DEBUG_INFO = NO;
				MTL_FAST_MATH = YES;
				SDKROOT = iphoneos;
				VALIDATE_PRODUCT = YES;
			};
			name = Release;
		};
		83D690AC2410BEC200B57ACB /* Debug */ = {
			isa = XCBuildConfiguration;
			buildSettings = {
				ASSETCATALOG_COMPILER_APPICON_NAME = AppIcon;
				CODE_SIGN_STYLE = Automatic;
				DEVELOPMENT_TEAM = 2U72HA96L8;
				INFOPLIST_FILE = Feedback/Info.plist;
				LD_RUNPATH_SEARCH_PATHS = (
					"$(inherited)",
					"@executable_path/Frameworks",
				);
				PRODUCT_BUNDLE_IDENTIFIER = SSPRL.Feedback;
				PRODUCT_NAME = "$(TARGET_NAME)";
				TARGETED_DEVICE_FAMILY = "1,2";
			};
			name = Debug;
		};
		83D690AD2410BEC200B57ACB /* Release */ = {
			isa = XCBuildConfiguration;
			buildSettings = {
				ASSETCATALOG_COMPILER_APPICON_NAME = AppIcon;
				CODE_SIGN_STYLE = Automatic;
				DEVELOPMENT_TEAM = 2U72HA96L8;
				INFOPLIST_FILE = Feedback/Info.plist;
				LD_RUNPATH_SEARCH_PATHS = (
					"$(inherited)",
					"@executable_path/Frameworks",
				);
				PRODUCT_BUNDLE_IDENTIFIER = SSPRL.Feedback;
				PRODUCT_NAME = "$(TARGET_NAME)";
				TARGETED_DEVICE_FAMILY = "1,2";
			};
			name = Release;
		};
/* End XCBuildConfiguration section */

/* Begin XCConfigurationList section */
		83D6908D2410BEBD00B57ACB /* Build configuration list for PBXProject "Feedback" */ = {
			isa = XCConfigurationList;
			buildConfigurations = (
				83D690A92410BEC200B57ACB /* Debug */,
				83D690AA2410BEC200B57ACB /* Release */,
			);
			defaultConfigurationIsVisible = 0;
			defaultConfigurationName = Release;
		};
		83D690AB2410BEC200B57ACB /* Build configuration list for PBXNativeTarget "Feedback" */ = {
			isa = XCConfigurationList;
			buildConfigurations = (
				83D690AC2410BEC200B57ACB /* Debug */,
				83D690AD2410BEC200B57ACB /* Release */,
			);
			defaultConfigurationIsVisible = 0;
			defaultConfigurationName = Release;
		};
/* End XCConfigurationList section */
	};
	rootObject = 83D6908A2410BEBD00B57ACB /* Project object */;
}
